
Microsoft Visual Studio Solution File, Format Version 12.00
# Visual Studio Version 17
VisualStudioVersion = 17.6.33815.320
MinimumVisualStudioVersion = 10.0.40219.1
Project("{2150E333-8FDC-42A3-9474-1A3956D46DE8}") = "labs1", "labs1", "{3F067C9F-0CD7-47B6-AE3E-24104D7AF860}"
EndProject
Project("{FAE04EC0-301F-11D3-BF4B-00C04F79EFBC}") = "lab1", "labs1\lab1.csproj", "{2305F9E1-9264-4A92-97A6-3B88E719E712}"
EndProject
Project("{FAE04EC0-301F-11D3-BF4B-00C04F79EFBC}") = "lab2", "Lab1\lab2\lab2.csproj", "{D7943863-AB1B-4475-8961-9D824BED6DA4}"
EndProject
Project("{FAE04EC0-301F-11D3-BF4B-00C04F79EFBC}") = "lab3", "labs1\lab3\lab3.csproj", "{685D090C-B0E8-401F-A95D-0D67B2FEB1E5}"
EndProject
Project("{FAE04EC0-301F-11D3-BF4B-00C04F79EFBC}") = "lab4", "labs1\lab4\lab4.csproj", "{1B45E43D-7307-4B59-8F7E-12A6CFCFA7EF}"
EndProject
Project("{FAE04EC0-301F-11D3-BF4B-00C04F79EFBC}") = "lab1C1", "labs1\lab1C1\lab1C1.csproj", "{47F7885A-D5D3-42DF-A081-7A7497ECD1A2}"
EndProject
Project("{FAE04EC0-301F-11D3-BF4B-00C04F79EFBC}") = "lab1C2", "labs1\lab1C2\lab1C2.csproj", "{C73FFF60-A7C0-4940-8563-828B26E76B9C}"
EndProject
Project("{FAE04EC0-301F-11D3-BF4B-00C04F79EFBC}") = "lab1C3", "labs1\lab1C3\lab1C3.csproj", "{757E62B6-4527-470E-ABA0-0FD565072207}"
EndProject
Project("{2150E333-8FDC-42A3-9474-1A3956D46DE8}") = "labs2", "labs2", "{019ED219-3905-4F4C-A55A-734524F0DF55}"
EndProject
Project("{FAE04EC0-301F-11D3-BF4B-00C04F79EFBC}") = "lab1", "labs2\lab1\lab1.csproj", "{8AF1A002-1B84-44B9-954F-4A3C0FE7D3BC}"
EndProject
Project("{FAE04EC0-301F-11D3-BF4B-00C04F79EFBC}") = "lab2", "labs2\lab2\lab2.csproj", "{74FEAEC5-1DFE-4056-B7D8-BD365537EDA4}"
EndProject
Project("{FAE04EC0-301F-11D3-BF4B-00C04F79EFBC}") = "lab3", "labs2\lab3\lab3.csproj", "{4E3FAC9F-FF8F-4B3D-89CB-817AD7F013E8}"
EndProject
Project("{FAE04EC0-301F-11D3-BF4B-00C04F79EFBC}") = "lab5", "labs2\lab5\lab5.csproj", "{8F1EF97B-CFB2-4CE3-A93C-7BA13735CD64}"
EndProject
Project("{FAE04EC0-301F-11D3-BF4B-00C04F79EFBC}") = "lab6", "labs2\lab6\lab6.csproj", "{5C6ECB4F-E2C3-4DFD-8321-47765DEE5B4D}"
EndProject
Project("{FAE04EC0-301F-11D3-BF4B-00C04F79EFBC}") = "lab7", "labs2\lab7\lab7.csproj", "{6720B627-8286-4439-990B-EFF4B0587FC2}"
EndProject
Project("{FAE04EC0-301F-11D3-BF4B-00C04F79EFBC}") = "lab2C", "labs2\lab2C\lab2C.csproj", "{0F47F9F0-B6F9-4993-B220-999F31065684}"
EndProject
Project("{2150E333-8FDC-42A3-9474-1A3956D46DE8}") = "labs3", "labs3", "{E3A9BF89-AC0C-473D-9118-FBD555A8D15D}"
EndProject
Project("{FAE04EC0-301F-11D3-BF4B-00C04F79EFBC}") = "lab1", "labs3\lab1\lab1.csproj", "{A6029DE2-7B83-4E5D-ADBC-2C09FE0F3B21}"
EndProject
Project("{FAE04EC0-301F-11D3-BF4B-00C04F79EFBC}") = "lab2", "labs3\lab2\lab2.csproj", "{9CA2A743-AD50-4430-BC6C-46C439D02669}"
EndProject
Project("{FAE04EC0-301F-11D3-BF4B-00C04F79EFBC}") = "lab3", "labs3\lab3\lab3.csproj", "{4907B524-6C4C-4CC6-8712-5E760A52BE3D}"
EndProject
Project("{FAE04EC0-301F-11D3-BF4B-00C04F79EFBC}") = "lab3C-2", "labs3\lab3C-2\lab3C-2.csproj", "{2E303A02-3542-4006-8892-B99F38F1083E}"
EndProject
Project("{2150E333-8FDC-42A3-9474-1A3956D46DE8}") = "labs4", "labs4", "{7635AEDE-3681-488E-8A07-A531F59587A4}"
EndProject
Project("{FAE04EC0-301F-11D3-BF4B-00C04F79EFBC}") = "lab1", "labs4\lab1\lab1.csproj", "{85006C3A-2780-475C-9F8F-81C8061CF1C8}"
EndProject
Project("{FAE04EC0-301F-11D3-BF4B-00C04F79EFBC}") = "lab2", "labs4\lab2\lab2.csproj", "{AE0C6C1F-DF5D-4700-BBB7-A18E2C645702}"
EndProject
Project("{FAE04EC0-301F-11D3-BF4B-00C04F79EFBC}") = "lab4", "labs4\lab4\lab4.csproj", "{BBE4CDFD-EB1E-4EEF-ABE9-F312FF364D92}"
EndProject
Project("{FAE04EC0-301F-11D3-BF4B-00C04F79EFBC}") = "lab5C", "labs4\lab5C\lab5C.csproj", "{F8528D82-FBF7-4F7A-B714-CDC8E70C01E9}"
EndProject
Project("{2150E333-8FDC-42A3-9474-1A3956D46DE8}") = "labs5", "labs5", "{0ACD424F-7F99-4E3E-AAFA-EC66CDAE40F1}"
EndProject
Project("{FAE04EC0-301F-11D3-BF4B-00C04F79EFBC}") = "lab1", "labs5\lab1\lab1.csproj", "{78248954-E187-4C81-AE1C-9424BA780112}"
EndProject
Project("{FAE04EC0-301F-11D3-BF4B-00C04F79EFBC}") = "lab2", "labs5\lab2\lab2.csproj", "{652363B1-449D-4AF3-B836-0FD3F34C3842}"
EndProject
Project("{FAE04EC0-301F-11D3-BF4B-00C04F79EFBC}") = "lab3", "labs5\lab3\lab3.csproj", "{D806D931-D9E8-4766-A92A-8B1FB0A2A886}"
EndProject
Project("{2150E333-8FDC-42A3-9474-1A3956D46DE8}") = "labs6", "labs6", "{6B1E726D-EF78-42DC-9A93-393759C0E560}"
EndProject
Project("{FAE04EC0-301F-11D3-BF4B-00C04F79EFBC}") = "lab1", "labs6\lab1\lab1.csproj", "{2C2C328D-3635-4DA6-A425-189A85597BC4}"
EndProject
Project("{FAE04EC0-301F-11D3-BF4B-00C04F79EFBC}") = "lab2", "labs6\lab2\lab2.csproj", "{A6529824-68F6-46E9-8EB2-04C00DAF5E4F}"
EndProject
Project("{FAE04EC0-301F-11D3-BF4B-00C04F79EFBC}") = "lab3", "labs6\lab3\lab3.csproj", "{1570307A-97A5-4728-81B8-0A16D7CE2A52}"
EndProject
Project("{2150E333-8FDC-42A3-9474-1A3956D46DE8}") = "labs7", "labs7", "{1105F266-67B9-42FA-BE9B-689456C012C0}"
EndProject
Project("{FAE04EC0-301F-11D3-BF4B-00C04F79EFBC}") = "lab1", "labs7\lab1\lab1.csproj", "{96213278-E719-42B1-B1F8-6E70CF20834F}"
EndProject
Project("{FAE04EC0-301F-11D3-BF4B-00C04F79EFBC}") = "lab2", "labs7\lab2\lab2.csproj", "{C99849CD-4F59-436D-B641-91DC5346156B}"
EndProject
Project("{FAE04EC0-301F-11D3-BF4B-00C04F79EFBC}") = "lab3", "labs7\lab3\lab3.csproj", "{7D26FB8B-2493-44C9-A91E-55C480CD8550}"
EndProject
Project("{FAE04EC0-301F-11D3-BF4B-00C04F79EFBC}") = "lab7C", "labs7\lab7C\lab7C.csproj", "{1F63C34E-689F-4908-B7D8-A0D58F29DBE2}"
EndProject
Project("{FAE04EC0-301F-11D3-BF4B-00C04F79EFBC}") = "WindowsCalculator", "\\Mac\Home\Downloads\Calc_Starter\WindowsCalculator.csproj", "{A2FD2DF4-4FE9-491F-960B-4BFB55A6632F}"
EndProject
Global
	GlobalSection(SolutionConfigurationPlatforms) = preSolution
		Debug|Any CPU = Debug|Any CPU
		Release|Any CPU = Release|Any CPU
	EndGlobalSection
	GlobalSection(ProjectConfigurationPlatforms) = postSolution
		{2305F9E1-9264-4A92-97A6-3B88E719E712}.Debug|Any CPU.ActiveCfg = Debug|Any CPU
		{2305F9E1-9264-4A92-97A6-3B88E719E712}.Debug|Any CPU.Build.0 = Debug|Any CPU
		{2305F9E1-9264-4A92-97A6-3B88E719E712}.Release|Any CPU.ActiveCfg = Release|Any CPU
		{2305F9E1-9264-4A92-97A6-3B88E719E712}.Release|Any CPU.Build.0 = Release|Any CPU
		{D7943863-AB1B-4475-8961-9D824BED6DA4}.Debug|Any CPU.ActiveCfg = Debug|Any CPU
		{D7943863-AB1B-4475-8961-9D824BED6DA4}.Debug|Any CPU.Build.0 = Debug|Any CPU
		{D7943863-AB1B-4475-8961-9D824BED6DA4}.Release|Any CPU.ActiveCfg = Release|Any CPU
		{D7943863-AB1B-4475-8961-9D824BED6DA4}.Release|Any CPU.Build.0 = Release|Any CPU
		{685D090C-B0E8-401F-A95D-0D67B2FEB1E5}.Debug|Any CPU.ActiveCfg = Debug|Any CPU
		{685D090C-B0E8-401F-A95D-0D67B2FEB1E5}.Debug|Any CPU.Build.0 = Debug|Any CPU
		{685D090C-B0E8-401F-A95D-0D67B2FEB1E5}.Release|Any CPU.ActiveCfg = Release|Any CPU
		{685D090C-B0E8-401F-A95D-0D67B2FEB1E5}.Release|Any CPU.Build.0 = Release|Any CPU
		{1B45E43D-7307-4B59-8F7E-12A6CFCFA7EF}.Debug|Any CPU.ActiveCfg = Debug|Any CPU
		{1B45E43D-7307-4B59-8F7E-12A6CFCFA7EF}.Debug|Any CPU.Build.0 = Debug|Any CPU
		{1B45E43D-7307-4B59-8F7E-12A6CFCFA7EF}.Release|Any CPU.ActiveCfg = Release|Any CPU
		{1B45E43D-7307-4B59-8F7E-12A6CFCFA7EF}.Release|Any CPU.Build.0 = Release|Any CPU
		{47F7885A-D5D3-42DF-A081-7A7497ECD1A2}.Debug|Any CPU.ActiveCfg = Debug|Any CPU
		{47F7885A-D5D3-42DF-A081-7A7497ECD1A2}.Debug|Any CPU.Build.0 = Debug|Any CPU
		{47F7885A-D5D3-42DF-A081-7A7497ECD1A2}.Release|Any CPU.ActiveCfg = Release|Any CPU
		{47F7885A-D5D3-42DF-A081-7A7497ECD1A2}.Release|Any CPU.Build.0 = Release|Any CPU
		{C73FFF60-A7C0-4940-8563-828B26E76B9C}.Debug|Any CPU.ActiveCfg = Debug|Any CPU
		{C73FFF60-A7C0-4940-8563-828B26E76B9C}.Debug|Any CPU.Build.0 = Debug|Any CPU
		{C73FFF60-A7C0-4940-8563-828B26E76B9C}.Release|Any CPU.ActiveCfg = Release|Any CPU
		{C73FFF60-A7C0-4940-8563-828B26E76B9C}.Release|Any CPU.Build.0 = Release|Any CPU
		{757E62B6-4527-470E-ABA0-0FD565072207}.Debug|Any CPU.ActiveCfg = Debug|Any CPU
		{757E62B6-4527-470E-ABA0-0FD565072207}.Debug|Any CPU.Build.0 = Debug|Any CPU
		{757E62B6-4527-470E-ABA0-0FD565072207}.Release|Any CPU.ActiveCfg = Release|Any CPU
		{757E62B6-4527-470E-ABA0-0FD565072207}.Release|Any CPU.Build.0 = Release|Any CPU
		{8AF1A002-1B84-44B9-954F-4A3C0FE7D3BC}.Debug|Any CPU.ActiveCfg = Debug|Any CPU
		{8AF1A002-1B84-44B9-954F-4A3C0FE7D3BC}.Debug|Any CPU.Build.0 = Debug|Any CPU
		{8AF1A002-1B84-44B9-954F-4A3C0FE7D3BC}.Release|Any CPU.ActiveCfg = Release|Any CPU
		{8AF1A002-1B84-44B9-954F-4A3C0FE7D3BC}.Release|Any CPU.Build.0 = Release|Any CPU
		{74FEAEC5-1DFE-4056-B7D8-BD365537EDA4}.Debug|Any CPU.ActiveCfg = Debug|Any CPU
		{74FEAEC5-1DFE-4056-B7D8-BD365537EDA4}.Debug|Any CPU.Build.0 = Debug|Any CPU
		{74FEAEC5-1DFE-4056-B7D8-BD365537EDA4}.Release|Any CPU.ActiveCfg = Release|Any CPU
		{74FEAEC5-1DFE-4056-B7D8-BD365537EDA4}.Release|Any CPU.Build.0 = Release|Any CPU
		{4E3FAC9F-FF8F-4B3D-89CB-817AD7F013E8}.Debug|Any CPU.ActiveCfg = Debug|Any CPU
		{4E3FAC9F-FF8F-4B3D-89CB-817AD7F013E8}.Debug|Any CPU.Build.0 = Debug|Any CPU
		{4E3FAC9F-FF8F-4B3D-89CB-817AD7F013E8}.Release|Any CPU.ActiveCfg = Release|Any CPU
		{4E3FAC9F-FF8F-4B3D-89CB-817AD7F013E8}.Release|Any CPU.Build.0 = Release|Any CPU
		{8F1EF97B-CFB2-4CE3-A93C-7BA13735CD64}.Debug|Any CPU.ActiveCfg = Debug|Any CPU
		{8F1EF97B-CFB2-4CE3-A93C-7BA13735CD64}.Debug|Any CPU.Build.0 = Debug|Any CPU
		{8F1EF97B-CFB2-4CE3-A93C-7BA13735CD64}.Release|Any CPU.ActiveCfg = Release|Any CPU
		{8F1EF97B-CFB2-4CE3-A93C-7BA13735CD64}.Release|Any CPU.Build.0 = Release|Any CPU
		{5C6ECB4F-E2C3-4DFD-8321-47765DEE5B4D}.Debug|Any CPU.ActiveCfg = Debug|Any CPU
		{5C6ECB4F-E2C3-4DFD-8321-47765DEE5B4D}.Debug|Any CPU.Build.0 = Debug|Any CPU
		{5C6ECB4F-E2C3-4DFD-8321-47765DEE5B4D}.Release|Any CPU.ActiveCfg = Release|Any CPU
		{5C6ECB4F-E2C3-4DFD-8321-47765DEE5B4D}.Release|Any CPU.Build.0 = Release|Any CPU
		{6720B627-8286-4439-990B-EFF4B0587FC2}.Debug|Any CPU.ActiveCfg = Debug|Any CPU
		{6720B627-8286-4439-990B-EFF4B0587FC2}.Debug|Any CPU.Build.0 = Debug|Any CPU
		{6720B627-8286-4439-990B-EFF4B0587FC2}.Release|Any CPU.ActiveCfg = Release|Any CPU
		{6720B627-8286-4439-990B-EFF4B0587FC2}.Release|Any CPU.Build.0 = Release|Any CPU
		{0F47F9F0-B6F9-4993-B220-999F31065684}.Debug|Any CPU.ActiveCfg = Debug|Any CPU
		{0F47F9F0-B6F9-4993-B220-999F31065684}.Debug|Any CPU.Build.0 = Debug|Any CPU
		{0F47F9F0-B6F9-4993-B220-999F31065684}.Release|Any CPU.ActiveCfg = Release|Any CPU
		{0F47F9F0-B6F9-4993-B220-999F31065684}.Release|Any CPU.Build.0 = Release|Any CPU
		{A6029DE2-7B83-4E5D-ADBC-2C09FE0F3B21}.Debug|Any CPU.ActiveCfg = Debug|Any CPU
		{A6029DE2-7B83-4E5D-ADBC-2C09FE0F3B21}.Debug|Any CPU.Build.0 = Debug|Any CPU
		{A6029DE2-7B83-4E5D-ADBC-2C09FE0F3B21}.Release|Any CPU.ActiveCfg = Release|Any CPU
		{A6029DE2-7B83-4E5D-ADBC-2C09FE0F3B21}.Release|Any CPU.Build.0 = Release|Any CPU
		{9CA2A743-AD50-4430-BC6C-46C439D02669}.Debug|Any CPU.ActiveCfg = Debug|Any CPU
		{9CA2A743-AD50-4430-BC6C-46C439D02669}.Debug|Any CPU.Build.0 = Debug|Any CPU
		{9CA2A743-AD50-4430-BC6C-46C439D02669}.Release|Any CPU.ActiveCfg = Release|Any CPU
		{9CA2A743-AD50-4430-BC6C-46C439D02669}.Release|Any CPU.Build.0 = Release|Any CPU
		{4907B524-6C4C-4CC6-8712-5E760A52BE3D}.Debug|Any CPU.ActiveCfg = Debug|Any CPU
		{4907B524-6C4C-4CC6-8712-5E760A52BE3D}.Debug|Any CPU.Build.0 = Debug|Any CPU
		{4907B524-6C4C-4CC6-8712-5E760A52BE3D}.Release|Any CPU.ActiveCfg = Release|Any CPU
		{4907B524-6C4C-4CC6-8712-5E760A52BE3D}.Release|Any CPU.Build.0 = Release|Any CPU
		{2E303A02-3542-4006-8892-B99F38F1083E}.Debug|Any CPU.ActiveCfg = Debug|Any CPU
		{2E303A02-3542-4006-8892-B99F38F1083E}.Debug|Any CPU.Build.0 = Debug|Any CPU
		{2E303A02-3542-4006-8892-B99F38F1083E}.Release|Any CPU.ActiveCfg = Release|Any CPU
		{2E303A02-3542-4006-8892-B99F38F1083E}.Release|Any CPU.Build.0 = Release|Any CPU
		{85006C3A-2780-475C-9F8F-81C8061CF1C8}.Debug|Any CPU.ActiveCfg = Debug|Any CPU
		{85006C3A-2780-475C-9F8F-81C8061CF1C8}.Debug|Any CPU.Build.0 = Debug|Any CPU
		{85006C3A-2780-475C-9F8F-81C8061CF1C8}.Release|Any CPU.ActiveCfg = Release|Any CPU
		{85006C3A-2780-475C-9F8F-81C8061CF1C8}.Release|Any CPU.Build.0 = Release|Any CPU
		{AE0C6C1F-DF5D-4700-BBB7-A18E2C645702}.Debug|Any CPU.ActiveCfg = Debug|Any CPU
		{AE0C6C1F-DF5D-4700-BBB7-A18E2C645702}.Debug|Any CPU.Build.0 = Debug|Any CPU
		{AE0C6C1F-DF5D-4700-BBB7-A18E2C645702}.Release|Any CPU.ActiveCfg = Release|Any CPU
		{AE0C6C1F-DF5D-4700-BBB7-A18E2C645702}.Release|Any CPU.Build.0 = Release|Any CPU
		{BBE4CDFD-EB1E-4EEF-ABE9-F312FF364D92}.Debug|Any CPU.ActiveCfg = Debug|Any CPU
		{BBE4CDFD-EB1E-4EEF-ABE9-F312FF364D92}.Debug|Any CPU.Build.0 = Debug|Any CPU
		{BBE4CDFD-EB1E-4EEF-ABE9-F312FF364D92}.Release|Any CPU.ActiveCfg = Release|Any CPU
		{BBE4CDFD-EB1E-4EEF-ABE9-F312FF364D92}.Release|Any CPU.Build.0 = Release|Any CPU
		{F8528D82-FBF7-4F7A-B714-CDC8E70C01E9}.Debug|Any CPU.ActiveCfg = Debug|Any CPU
		{F8528D82-FBF7-4F7A-B714-CDC8E70C01E9}.Debug|Any CPU.Build.0 = Debug|Any CPU
		{F8528D82-FBF7-4F7A-B714-CDC8E70C01E9}.Release|Any CPU.ActiveCfg = Release|Any CPU
		{F8528D82-FBF7-4F7A-B714-CDC8E70C01E9}.Release|Any CPU.Build.0 = Release|Any CPU
		{78248954-E187-4C81-AE1C-9424BA780112}.Debug|Any CPU.ActiveCfg = Debug|Any CPU
		{78248954-E187-4C81-AE1C-9424BA780112}.Debug|Any CPU.Build.0 = Debug|Any CPU
		{78248954-E187-4C81-AE1C-9424BA780112}.Release|Any CPU.ActiveCfg = Release|Any CPU
		{78248954-E187-4C81-AE1C-9424BA780112}.Release|Any CPU.Build.0 = Release|Any CPU
		{652363B1-449D-4AF3-B836-0FD3F34C3842}.Debug|Any CPU.ActiveCfg = Debug|Any CPU
		{652363B1-449D-4AF3-B836-0FD3F34C3842}.Debug|Any CPU.Build.0 = Debug|Any CPU
		{652363B1-449D-4AF3-B836-0FD3F34C3842}.Release|Any CPU.ActiveCfg = Release|Any CPU
		{652363B1-449D-4AF3-B836-0FD3F34C3842}.Release|Any CPU.Build.0 = Release|Any CPU
		{D806D931-D9E8-4766-A92A-8B1FB0A2A886}.Debug|Any CPU.ActiveCfg = Debug|Any CPU
		{D806D931-D9E8-4766-A92A-8B1FB0A2A886}.Debug|Any CPU.Build.0 = Debug|Any CPU
		{D806D931-D9E8-4766-A92A-8B1FB0A2A886}.Release|Any CPU.ActiveCfg = Release|Any CPU
		{D806D931-D9E8-4766-A92A-8B1FB0A2A886}.Release|Any CPU.Build.0 = Release|Any CPU
		{2C2C328D-3635-4DA6-A425-189A85597BC4}.Debug|Any CPU.ActiveCfg = Debug|Any CPU
		{2C2C328D-3635-4DA6-A425-189A85597BC4}.Debug|Any CPU.Build.0 = Debug|Any CPU
		{2C2C328D-3635-4DA6-A425-189A85597BC4}.Release|Any CPU.ActiveCfg = Release|Any CPU
		{2C2C328D-3635-4DA6-A425-189A85597BC4}.Release|Any CPU.Build.0 = Release|Any CPU
		{A6529824-68F6-46E9-8EB2-04C00DAF5E4F}.Debug|Any CPU.ActiveCfg = Debug|Any CPU
		{A6529824-68F6-46E9-8EB2-04C00DAF5E4F}.Debug|Any CPU.Build.0 = Debug|Any CPU
		{A6529824-68F6-46E9-8EB2-04C00DAF5E4F}.Release|Any CPU.ActiveCfg = Release|Any CPU
		{A6529824-68F6-46E9-8EB2-04C00DAF5E4F}.Release|Any CPU.Build.0 = Release|Any CPU
		{1570307A-97A5-4728-81B8-0A16D7CE2A52}.Debug|Any CPU.ActiveCfg = Debug|Any CPU
		{1570307A-97A5-4728-81B8-0A16D7CE2A52}.Debug|Any CPU.Build.0 = Debug|Any CPU
		{1570307A-97A5-4728-81B8-0A16D7CE2A52}.Release|Any CPU.ActiveCfg = Release|Any CPU
		{1570307A-97A5-4728-81B8-0A16D7CE2A52}.Release|Any CPU.Build.0 = Release|Any CPU
		{96213278-E719-42B1-B1F8-6E70CF20834F}.Debug|Any CPU.ActiveCfg = Debug|Any CPU
		{96213278-E719-42B1-B1F8-6E70CF20834F}.Debug|Any CPU.Build.0 = Debug|Any CPU
		{96213278-E719-42B1-B1F8-6E70CF20834F}.Release|Any CPU.ActiveCfg = Release|Any CPU
		{96213278-E719-42B1-B1F8-6E70CF20834F}.Release|Any CPU.Build.0 = Release|Any CPU
		{C99849CD-4F59-436D-B641-91DC5346156B}.Debug|Any CPU.ActiveCfg = Debug|Any CPU
		{C99849CD-4F59-436D-B641-91DC5346156B}.Debug|Any CPU.Build.0 = Debug|Any CPU
		{C99849CD-4F59-436D-B641-91DC5346156B}.Release|Any CPU.ActiveCfg = Release|Any CPU
		{C99849CD-4F59-436D-B641-91DC5346156B}.Release|Any CPU.Build.0 = Release|Any CPU
		{7D26FB8B-2493-44C9-A91E-55C480CD8550}.Debug|Any CPU.ActiveCfg = Debug|Any CPU
		{7D26FB8B-2493-44C9-A91E-55C480CD8550}.Debug|Any CPU.Build.0 = Debug|Any CPU
		{7D26FB8B-2493-44C9-A91E-55C480CD8550}.Release|Any CPU.ActiveCfg = Release|Any CPU
		{7D26FB8B-2493-44C9-A91E-55C480CD8550}.Release|Any CPU.Build.0 = Release|Any CPU
		{1F63C34E-689F-4908-B7D8-A0D58F29DBE2}.Debug|Any CPU.ActiveCfg = Debug|Any CPU
		{1F63C34E-689F-4908-B7D8-A0D58F29DBE2}.Debug|Any CPU.Build.0 = Debug|Any CPU
		{1F63C34E-689F-4908-B7D8-A0D58F29DBE2}.Release|Any CPU.ActiveCfg = Release|Any CPU
		{1F63C34E-689F-4908-B7D8-A0D58F29DBE2}.Release|Any CPU.Build.0 = Release|Any CPU
		{A2FD2DF4-4FE9-491F-960B-4BFB55A6632F}.Debug|Any CPU.ActiveCfg = Debug|Any CPU
		{A2FD2DF4-4FE9-491F-960B-4BFB55A6632F}.Debug|Any CPU.Build.0 = Debug|Any CPU
		{A2FD2DF4-4FE9-491F-960B-4BFB55A6632F}.Release|Any CPU.ActiveCfg = Release|Any CPU
		{A2FD2DF4-4FE9-491F-960B-4BFB55A6632F}.Release|Any CPU.Build.0 = Release|Any CPU
	EndGlobalSection
	GlobalSection(SolutionProperties) = preSolution
		HideSolutionNode = FALSE
	EndGlobalSection
	GlobalSection(NestedProjects) = preSolution
		{2305F9E1-9264-4A92-97A6-3B88E719E712} = {3F067C9F-0CD7-47B6-AE3E-24104D7AF860}
		{D7943863-AB1B-4475-8961-9D824BED6DA4} = {3F067C9F-0CD7-47B6-AE3E-24104D7AF860}
		{685D090C-B0E8-401F-A95D-0D67B2FEB1E5} = {3F067C9F-0CD7-47B6-AE3E-24104D7AF860}
		{1B45E43D-7307-4B59-8F7E-12A6CFCFA7EF} = {3F067C9F-0CD7-47B6-AE3E-24104D7AF860}
		{47F7885A-D5D3-42DF-A081-7A7497ECD1A2} = {3F067C9F-0CD7-47B6-AE3E-24104D7AF860}
		{C73FFF60-A7C0-4940-8563-828B26E76B9C} = {3F067C9F-0CD7-47B6-AE3E-24104D7AF860}
		{757E62B6-4527-470E-ABA0-0FD565072207} = {3F067C9F-0CD7-47B6-AE3E-24104D7AF860}
		{8AF1A002-1B84-44B9-954F-4A3C0FE7D3BC} = {019ED219-3905-4F4C-A55A-734524F0DF55}
		{74FEAEC5-1DFE-4056-B7D8-BD365537EDA4} = {019ED219-3905-4F4C-A55A-734524F0DF55}
		{4E3FAC9F-FF8F-4B3D-89CB-817AD7F013E8} = {019ED219-3905-4F4C-A55A-734524F0DF55}
		{8F1EF97B-CFB2-4CE3-A93C-7BA13735CD64} = {019ED219-3905-4F4C-A55A-734524F0DF55}
		{5C6ECB4F-E2C3-4DFD-8321-47765DEE5B4D} = {019ED219-3905-4F4C-A55A-734524F0DF55}
		{6720B627-8286-4439-990B-EFF4B0587FC2} = {019ED219-3905-4F4C-A55A-734524F0DF55}
		{0F47F9F0-B6F9-4993-B220-999F31065684} = {019ED219-3905-4F4C-A55A-734524F0DF55}
		{A6029DE2-7B83-4E5D-ADBC-2C09FE0F3B21} = {E3A9BF89-AC0C-473D-9118-FBD555A8D15D}
		{9CA2A743-AD50-4430-BC6C-46C439D02669} = {E3A9BF89-AC0C-473D-9118-FBD555A8D15D}
		{4907B524-6C4C-4CC6-8712-5E760A52BE3D} = {E3A9BF89-AC0C-473D-9118-FBD555A8D15D}
		{2E303A02-3542-4006-8892-B99F38F1083E} = {E3A9BF89-AC0C-473D-9118-FBD555A8D15D}
		{85006C3A-2780-475C-9F8F-81C8061CF1C8} = {7635AEDE-3681-488E-8A07-A531F59587A4}
		{AE0C6C1F-DF5D-4700-BBB7-A18E2C645702} = {7635AEDE-3681-488E-8A07-A531F59587A4}
		{BBE4CDFD-EB1E-4EEF-ABE9-F312FF364D92} = {7635AEDE-3681-488E-8A07-A531F59587A4}
		{F8528D82-FBF7-4F7A-B714-CDC8E70C01E9} = {7635AEDE-3681-488E-8A07-A531F59587A4}
		{78248954-E187-4C81-AE1C-9424BA780112} = {0ACD424F-7F99-4E3E-AAFA-EC66CDAE40F1}
		{652363B1-449D-4AF3-B836-0FD3F34C3842} = {0ACD424F-7F99-4E3E-AAFA-EC66CDAE40F1}
		{D806D931-D9E8-4766-A92A-8B1FB0A2A886} = {0ACD424F-7F99-4E3E-AAFA-EC66CDAE40F1}
		{2C2C328D-3635-4DA6-A425-189A85597BC4} = {6B1E726D-EF78-42DC-9A93-393759C0E560}
		{A6529824-68F6-46E9-8EB2-04C00DAF5E4F} = {6B1E726D-EF78-42DC-9A93-393759C0E560}
		{1570307A-97A5-4728-81B8-0A16D7CE2A52} = {6B1E726D-EF78-42DC-9A93-393759C0E560}
		{96213278-E719-42B1-B1F8-6E70CF20834F} = {1105F266-67B9-42FA-BE9B-689456C012C0}
		{C99849CD-4F59-436D-B641-91DC5346156B} = {1105F266-67B9-42FA-BE9B-689456C012C0}
		{7D26FB8B-2493-44C9-A91E-55C480CD8550} = {1105F266-67B9-42FA-BE9B-689456C012C0}
		{1F63C34E-689F-4908-B7D8-A0D58F29DBE2} = {1105F266-67B9-42FA-BE9B-689456C012C0}
	EndGlobalSection
	GlobalSection(ExtensibilityGlobals) = postSolution
		SolutionGuid = {19204480-9AA5-44E7-A3A4-4DB9AE707E92}
	EndGlobalSection
EndGlobal
